
Microsoft Visual Studio Solution File, Format Version 12.00
# Visual Studio Version 17
VisualStudioVersion = 17.14.36908.2
MinimumVisualStudioVersion = 10.0.40219.1
Project("{FAE04EC0-301F-11D3-BF4B-00C04F79EFBC}") = "SupportChat.Backend", "SupportChat.Backend.csproj", "{3B3EEA69-5B5D-DAF7-C6E1-A1359E253D7E}"
EndProject
Global
	GlobalSection(SolutionConfigurationPlatforms) = preSolution
		Debug|Any CPU = Debug|Any CPU
		Release|Any CPU = Release|Any CPU
	EndGlobalSection
	GlobalSection(ProjectConfigurationPlatforms) = postSolution
		{3B3EEA69-5B5D-DAF7-C6E1-A1359E253D7E}.Debug|Any CPU.ActiveCfg = Debug|Any CPU
		{3B3EEA69-5B5D-DAF7-C6E1-A1359E253D7E}.Debug|Any CPU.Build.0 = Debug|Any CPU
		{3B3EEA69-5B5D-DAF7-C6E1-A1359E253D7E}.Release|Any CPU.ActiveCfg = Release|Any CPU
		{3B3EEA69-5B5D-DAF7-C6E1-A1359E253D7E}.Release|Any CPU.Build.0 = Release|Any CPU
	EndGlobalSection
	GlobalSection(SolutionProperties) = preSolution
		HideSolutionNode = FALSE
	EndGlobalSection
	GlobalSection(ExtensibilityGlobals) = postSolution
		SolutionGuid = {4FE234A3-1647-40A8-9E33-068BFCB8EDFB}
	EndGlobalSection
EndGlobal
